
Microsoft Visual Studio Solution File, Format Version 12.00
# Visual Studio 2012
Project("{FAE04EC0-301F-11D3-BF4B-00C04F79EFBC}") = "QX.BLL", "QX.BLL\QX.BLL.csproj", "{C9C96B92-850E-4188-9206-282C63BEDFDB}"
EndProject
Project("{FAE04EC0-301F-11D3-BF4B-00C04F79EFBC}") = "GridUI", "GridUI\GridUI.csproj", "{1FCF9493-A39B-4294-B5F6-F09E838D8516}"
EndProject
Project("{2150E333-8FDC-42A3-9474-1A3956D46DE8}") = "Bll", "Bll", "{DEB928D4-AF35-4BB5-BCA1-BD5522DBDDA5}"
EndProject
Project("{2150E333-8FDC-42A3-9474-1A3956D46DE8}") = "Config", "Config", "{7BF5935E-5DE5-4953-94BD-DC50B08470A1}"
EndProject
Project("{2150E333-8FDC-42A3-9474-1A3956D46DE8}") = "Comm", "Comm", "{9B7DDE04-B75B-4203-8B1F-D9614E9A2717}"
EndProject
Project("{FAE04EC0-301F-11D3-BF4B-00C04F79EFBC}") = "QX.HtmlHelperLib", "HtmlHelper\QX.HtmlHelperLib.csproj", "{CA9ABAAA-9507-498D-88AB-981FAADFA4F9}"
EndProject
Project("{FAE04EC0-301F-11D3-BF4B-00C04F79EFBC}") = "QX.Config", "QX.Config\QX.Config.csproj", "{9B85B99A-7A14-46FF-9C58-DB2CD1A3D618}"
EndProject
Project("{FAE04EC0-301F-11D3-BF4B-00C04F79EFBC}") = "QX.Control", "QX.Control\QX.Control.csproj", "{EA0BE48E-2383-4EA3-9204-61A8EAE1C976}"
EndProject
Project("{FAE04EC0-301F-11D3-BF4B-00C04F79EFBC}") = "QX.Cache", "QX.Cache\QX.Cache.csproj", "{04A4247C-6631-480F-848F-1CB3D88D2596}"
EndProject
Project("{2150E333-8FDC-42A3-9474-1A3956D46DE8}") = "Data", "Data", "{97A68FDE-1919-4CBE-BEDA-3E8DF7427CD4}"
	ProjectSection(SolutionItems) = preProject
		QX.DAL\QX.DAL.csproj = QX.DAL\QX.DAL.csproj
	EndProjectSection
EndProject
Project("{FAE04EC0-301F-11D3-BF4B-00C04F79EFBC}") = "QX.Model", "QX.Model\QX.Model.csproj", "{AF56D9AE-6251-4C2F-9397-DB011BC274CB}"
EndProject
Project("{FAE04EC0-301F-11D3-BF4B-00C04F79EFBC}") = "QX.Comm", "QX.Comm\QX.Comm.csproj", "{FCB48BE6-4E65-48FE-BFB1-C27E5528D311}"
EndProject
Project("{FAE04EC0-301F-11D3-BF4B-00C04F79EFBC}") = "QX.Log", "QX.Log\QX.Log.csproj", "{1C128DB1-7EFC-4BE0-B981-7F98CB171C42}"
EndProject
Project("{FAE04EC0-301F-11D3-BF4B-00C04F79EFBC}") = "QX.DeskConfig", "QX.DeskConfig\QX.DeskConfig.csproj", "{DC0618CD-2F7E-476F-8A4C-537283ED9120}"
EndProject
Project("{FAE04EC0-301F-11D3-BF4B-00C04F79EFBC}") = "QX.AOP", "QX.Event\QX.AOP.csproj", "{8DC667DB-2B77-4A81-9B63-829BCE43C603}"
EndProject
Project("{FAE04EC0-301F-11D3-BF4B-00C04F79EFBC}") = "QX.Permission", "QX.Permission\QX.Permission.csproj", "{7630AD24-F23F-4431-BE41-42B50FD6C99A}"
EndProject
Global
	GlobalSection(SolutionConfigurationPlatforms) = preSolution
		Debug|Any CPU = Debug|Any CPU
		Release|Any CPU = Release|Any CPU
	EndGlobalSection
	GlobalSection(ProjectConfigurationPlatforms) = postSolution
		{C9C96B92-850E-4188-9206-282C63BEDFDB}.Debug|Any CPU.ActiveCfg = Debug|Any CPU
		{C9C96B92-850E-4188-9206-282C63BEDFDB}.Debug|Any CPU.Build.0 = Debug|Any CPU
		{C9C96B92-850E-4188-9206-282C63BEDFDB}.Release|Any CPU.ActiveCfg = Release|Any CPU
		{C9C96B92-850E-4188-9206-282C63BEDFDB}.Release|Any CPU.Build.0 = Release|Any CPU
		{1FCF9493-A39B-4294-B5F6-F09E838D8516}.Debug|Any CPU.ActiveCfg = Debug|Any CPU
		{1FCF9493-A39B-4294-B5F6-F09E838D8516}.Debug|Any CPU.Build.0 = Debug|Any CPU
		{1FCF9493-A39B-4294-B5F6-F09E838D8516}.Release|Any CPU.ActiveCfg = Release|Any CPU
		{1FCF9493-A39B-4294-B5F6-F09E838D8516}.Release|Any CPU.Build.0 = Release|Any CPU
		{CA9ABAAA-9507-498D-88AB-981FAADFA4F9}.Debug|Any CPU.ActiveCfg = Debug|Any CPU
		{CA9ABAAA-9507-498D-88AB-981FAADFA4F9}.Debug|Any CPU.Build.0 = Debug|Any CPU
		{CA9ABAAA-9507-498D-88AB-981FAADFA4F9}.Release|Any CPU.ActiveCfg = Release|Any CPU
		{CA9ABAAA-9507-498D-88AB-981FAADFA4F9}.Release|Any CPU.Build.0 = Release|Any CPU
		{9B85B99A-7A14-46FF-9C58-DB2CD1A3D618}.Debug|Any CPU.ActiveCfg = Debug|Any CPU
		{9B85B99A-7A14-46FF-9C58-DB2CD1A3D618}.Debug|Any CPU.Build.0 = Debug|Any CPU
		{9B85B99A-7A14-46FF-9C58-DB2CD1A3D618}.Release|Any CPU.ActiveCfg = Release|Any CPU
		{9B85B99A-7A14-46FF-9C58-DB2CD1A3D618}.Release|Any CPU.Build.0 = Release|Any CPU
		{EA0BE48E-2383-4EA3-9204-61A8EAE1C976}.Debug|Any CPU.ActiveCfg = Debug|Any CPU
		{EA0BE48E-2383-4EA3-9204-61A8EAE1C976}.Debug|Any CPU.Build.0 = Debug|Any CPU
		{EA0BE48E-2383-4EA3-9204-61A8EAE1C976}.Release|Any CPU.ActiveCfg = Release|Any CPU
		{EA0BE48E-2383-4EA3-9204-61A8EAE1C976}.Release|Any CPU.Build.0 = Release|Any CPU
		{04A4247C-6631-480F-848F-1CB3D88D2596}.Debug|Any CPU.ActiveCfg = Debug|Any CPU
		{04A4247C-6631-480F-848F-1CB3D88D2596}.Debug|Any CPU.Build.0 = Debug|Any CPU
		{04A4247C-6631-480F-848F-1CB3D88D2596}.Release|Any CPU.ActiveCfg = Release|Any CPU
		{04A4247C-6631-480F-848F-1CB3D88D2596}.Release|Any CPU.Build.0 = Release|Any CPU
		{AF56D9AE-6251-4C2F-9397-DB011BC274CB}.Debug|Any CPU.ActiveCfg = Debug|Any CPU
		{AF56D9AE-6251-4C2F-9397-DB011BC274CB}.Debug|Any CPU.Build.0 = Debug|Any CPU
		{AF56D9AE-6251-4C2F-9397-DB011BC274CB}.Release|Any CPU.ActiveCfg = Release|Any CPU
		{AF56D9AE-6251-4C2F-9397-DB011BC274CB}.Release|Any CPU.Build.0 = Release|Any CPU
		{FCB48BE6-4E65-48FE-BFB1-C27E5528D311}.Debug|Any CPU.ActiveCfg = Debug|Any CPU
		{FCB48BE6-4E65-48FE-BFB1-C27E5528D311}.Debug|Any CPU.Build.0 = Debug|Any CPU
		{FCB48BE6-4E65-48FE-BFB1-C27E5528D311}.Release|Any CPU.ActiveCfg = Release|Any CPU
		{FCB48BE6-4E65-48FE-BFB1-C27E5528D311}.Release|Any CPU.Build.0 = Release|Any CPU
		{1C128DB1-7EFC-4BE0-B981-7F98CB171C42}.Debug|Any CPU.ActiveCfg = Debug|Any CPU
		{1C128DB1-7EFC-4BE0-B981-7F98CB171C42}.Debug|Any CPU.Build.0 = Debug|Any CPU
		{1C128DB1-7EFC-4BE0-B981-7F98CB171C42}.Release|Any CPU.ActiveCfg = Release|Any CPU
		{1C128DB1-7EFC-4BE0-B981-7F98CB171C42}.Release|Any CPU.Build.0 = Release|Any CPU
		{DC0618CD-2F7E-476F-8A4C-537283ED9120}.Debug|Any CPU.ActiveCfg = Debug|Any CPU
		{DC0618CD-2F7E-476F-8A4C-537283ED9120}.Debug|Any CPU.Build.0 = Debug|Any CPU
		{DC0618CD-2F7E-476F-8A4C-537283ED9120}.Release|Any CPU.ActiveCfg = Release|Any CPU
		{DC0618CD-2F7E-476F-8A4C-537283ED9120}.Release|Any CPU.Build.0 = Release|Any CPU
		{8DC667DB-2B77-4A81-9B63-829BCE43C603}.Debug|Any CPU.ActiveCfg = Debug|Any CPU
		{8DC667DB-2B77-4A81-9B63-829BCE43C603}.Debug|Any CPU.Build.0 = Debug|Any CPU
		{8DC667DB-2B77-4A81-9B63-829BCE43C603}.Release|Any CPU.ActiveCfg = Release|Any CPU
		{8DC667DB-2B77-4A81-9B63-829BCE43C603}.Release|Any CPU.Build.0 = Release|Any CPU
		{7630AD24-F23F-4431-BE41-42B50FD6C99A}.Debug|Any CPU.ActiveCfg = Debug|Any CPU
		{7630AD24-F23F-4431-BE41-42B50FD6C99A}.Debug|Any CPU.Build.0 = Debug|Any CPU
		{7630AD24-F23F-4431-BE41-42B50FD6C99A}.Release|Any CPU.ActiveCfg = Release|Any CPU
		{7630AD24-F23F-4431-BE41-42B50FD6C99A}.Release|Any CPU.Build.0 = Release|Any CPU
	EndGlobalSection
	GlobalSection(SolutionProperties) = preSolution
		HideSolutionNode = FALSE
	EndGlobalSection
	GlobalSection(NestedProjects) = preSolution
		{C9C96B92-850E-4188-9206-282C63BEDFDB} = {DEB928D4-AF35-4BB5-BCA1-BD5522DBDDA5}
		{CA9ABAAA-9507-498D-88AB-981FAADFA4F9} = {7BF5935E-5DE5-4953-94BD-DC50B08470A1}
		{9B85B99A-7A14-46FF-9C58-DB2CD1A3D618} = {7BF5935E-5DE5-4953-94BD-DC50B08470A1}
		{EA0BE48E-2383-4EA3-9204-61A8EAE1C976} = {7BF5935E-5DE5-4953-94BD-DC50B08470A1}
		{04A4247C-6631-480F-848F-1CB3D88D2596} = {7BF5935E-5DE5-4953-94BD-DC50B08470A1}
		{DC0618CD-2F7E-476F-8A4C-537283ED9120} = {7BF5935E-5DE5-4953-94BD-DC50B08470A1}
		{FCB48BE6-4E65-48FE-BFB1-C27E5528D311} = {9B7DDE04-B75B-4203-8B1F-D9614E9A2717}
		{1C128DB1-7EFC-4BE0-B981-7F98CB171C42} = {9B7DDE04-B75B-4203-8B1F-D9614E9A2717}
		{8DC667DB-2B77-4A81-9B63-829BCE43C603} = {9B7DDE04-B75B-4203-8B1F-D9614E9A2717}
		{AF56D9AE-6251-4C2F-9397-DB011BC274CB} = {97A68FDE-1919-4CBE-BEDA-3E8DF7427CD4}
		{7630AD24-F23F-4431-BE41-42B50FD6C99A} = {97A68FDE-1919-4CBE-BEDA-3E8DF7427CD4}
	EndGlobalSection
	GlobalSection(PowerDesigner) = preSolution
		HasSWS = 1
	EndGlobalSection
EndGlobal
